
Microsoft Visual Studio Solution File, Format Version 12.00
# Visual Studio Version 17
VisualStudioVersion = 17.9.34723.18
MinimumVisualStudioVersion = 10.0.40219.1
Project("{9A19103F-16F7-4668-BE54-9A1E7A4F7556}") = "TransacoesProjeto.Model", "TransacoesProjeto.Model\TransacoesProjeto.Model.csproj", "{273D7810-AA55-4547-859F-F91DE07BAA7F}"
EndProject
Project("{9A19103F-16F7-4668-BE54-9A1E7A4F7556}") = "TransacoesProjeto.Service", "TransacoesProjeto.Service\TransacoesProjeto.Service.csproj", "{6EF5555B-F680-43BD-BB96-D80DB019BB72}"
EndProject
Project("{FAE04EC0-301F-11D3-BF4B-00C04F79EFBC}") = "TransacoesProjeto.Api", "TransacoesProjeto.Api\TransacoesProjeto.Api.csproj", "{3588C826-C846-4513-8192-AAD259F32B67}"
EndProject
Project("{FAE04EC0-301F-11D3-BF4B-00C04F79EFBC}") = "TransacoesProjeto.Infra", "TransacoesProjeto.Infra\TransacoesProjeto.Infra.csproj", "{AB4D7C00-CE07-43BD-B6D1-F851926CFF1B}"
EndProject
Global
	GlobalSection(SolutionConfigurationPlatforms) = preSolution
		Debug|Any CPU = Debug|Any CPU
		Release|Any CPU = Release|Any CPU
	EndGlobalSection
	GlobalSection(ProjectConfigurationPlatforms) = postSolution
		{273D7810-AA55-4547-859F-F91DE07BAA7F}.Debug|Any CPU.ActiveCfg = Debug|Any CPU
		{273D7810-AA55-4547-859F-F91DE07BAA7F}.Debug|Any CPU.Build.0 = Debug|Any CPU
		{273D7810-AA55-4547-859F-F91DE07BAA7F}.Release|Any CPU.ActiveCfg = Release|Any CPU
		{273D7810-AA55-4547-859F-F91DE07BAA7F}.Release|Any CPU.Build.0 = Release|Any CPU
		{6EF5555B-F680-43BD-BB96-D80DB019BB72}.Debug|Any CPU.ActiveCfg = Debug|Any CPU
		{6EF5555B-F680-43BD-BB96-D80DB019BB72}.Debug|Any CPU.Build.0 = Debug|Any CPU
		{6EF5555B-F680-43BD-BB96-D80DB019BB72}.Release|Any CPU.ActiveCfg = Release|Any CPU
		{6EF5555B-F680-43BD-BB96-D80DB019BB72}.Release|Any CPU.Build.0 = Release|Any CPU
		{3588C826-C846-4513-8192-AAD259F32B67}.Debug|Any CPU.ActiveCfg = Debug|Any CPU
		{3588C826-C846-4513-8192-AAD259F32B67}.Debug|Any CPU.Build.0 = Debug|Any CPU
		{3588C826-C846-4513-8192-AAD259F32B67}.Release|Any CPU.ActiveCfg = Release|Any CPU
		{3588C826-C846-4513-8192-AAD259F32B67}.Release|Any CPU.Build.0 = Release|Any CPU
		{AB4D7C00-CE07-43BD-B6D1-F851926CFF1B}.Debug|Any CPU.ActiveCfg = Debug|Any CPU
		{AB4D7C00-CE07-43BD-B6D1-F851926CFF1B}.Debug|Any CPU.Build.0 = Debug|Any CPU
		{AB4D7C00-CE07-43BD-B6D1-F851926CFF1B}.Release|Any CPU.ActiveCfg = Release|Any CPU
		{AB4D7C00-CE07-43BD-B6D1-F851926CFF1B}.Release|Any CPU.Build.0 = Release|Any CPU
	EndGlobalSection
	GlobalSection(SolutionProperties) = preSolution
		HideSolutionNode = FALSE
	EndGlobalSection
	GlobalSection(ExtensibilityGlobals) = postSolution
		SolutionGuid = {F53DF713-CD0B-4CA0-96D5-DB24BBAC6F11}
	EndGlobalSection
EndGlobal
